
Microsoft Visual Studio Solution File, Format Version 12.00
# Visual Studio 15
VisualStudioVersion = 15.0.26124.0
MinimumVisualStudioVersion = 15.0.26124.0
Project("{2150E333-8FDC-42A3-9474-1A3956D46DE8}") = "Core", "Core", "{B8610EA7-B745-43C4-9DB9-1EEB59FDB13C}"
EndProject
Project("{FAE04EC0-301F-11D3-BF4B-00C04F79EFBC}") = "ChatRoom.Domain", "Core\ChatRoom.Domain\ChatRoom.Domain.csproj", "{3063EF49-D820-4815-A415-07E544CE1B8C}"
EndProject
Project("{FAE04EC0-301F-11D3-BF4B-00C04F79EFBC}") = "ChatRoom.Application", "Core\ChatRoom.Application\ChatRoom.Application.csproj", "{627B0423-C1B4-4581-B99D-4A19DB8FA864}"
EndProject
Project("{2150E333-8FDC-42A3-9474-1A3956D46DE8}") = "Test", "Test", "{6163EFB4-695C-4BD7-B897-367741BE963B}"
EndProject
Project("{FAE04EC0-301F-11D3-BF4B-00C04F79EFBC}") = "ChatRoom.XUnitTest", "Test\ChatRoom.XUnitTest\ChatRoom.XUnitTest.csproj", "{C4E76DD4-10D6-4F46-85C4-8CA2D9F64198}"
EndProject
Project("{FAE04EC0-301F-11D3-BF4B-00C04F79EFBC}") = "ChatRoomWithBot", "ChatRoomWithBot\ChatRoomWithBot.csproj", "{9A2EAFBA-5805-4720-A13C-6E2877892DB0}"
EndProject
Project("{2150E333-8FDC-42A3-9474-1A3956D46DE8}") = "ChatBot", "ChatBot", "{0FBEE52E-3DE3-4593-AB8A-8884A95C00FC}"
EndProject
Project("{FAE04EC0-301F-11D3-BF4B-00C04F79EFBC}") = "ChatRoom.ChatBot.Domain", "ChatBot\ChatRoom.ChatBot.Domain\ChatRoom.ChatBot.Domain.csproj", "{B3E9E2B9-7A7C-445A-AC13-DE1E6BE70189}"
EndProject
Project("{FAE04EC0-301F-11D3-BF4B-00C04F79EFBC}") = "ChatRoom.ChatBot", "ChatBot\ChatRoom.ChatBot\ChatRoom.ChatBot.csproj", "{8C20DCF2-623C-4050-90BB-E864379CBC2B}"
EndProject
Project("{2150E333-8FDC-42A3-9474-1A3956D46DE8}") = "Data", "Data", "{072C686A-C351-45A7-8A2C-6DB5877D8094}"
EndProject
Project("{FAE04EC0-301F-11D3-BF4B-00C04F79EFBC}") = "ChatRoom.Persistence", "Data\ChatRoom.Persistence\ChatRoom.Persistence.csproj", "{7C6B641B-D05E-45FE-8DCD-3BA8A7F8706A}"
EndProject
Project("{2150E333-8FDC-42A3-9474-1A3956D46DE8}") = "Service", "Service", "{01028231-8E81-4216-824C-8B8DF3B34C8C}"
EndProject
Project("{FAE04EC0-301F-11D3-BF4B-00C04F79EFBC}") = "ChatRoom.ComService", "Service\ChatRoom.ComService\ChatRoom.ComService.csproj", "{71FFB1BB-E78F-4D47-B85D-5A477AA12CFA}"
EndProject
Project("{FAE04EC0-301F-11D3-BF4B-00C04F79EFBC}") = "ChatRoom.ChatBot.Service", "Service\ChatRoom.ChatBot.Service\ChatRoom.ChatBot.Service.csproj", "{332863BC-451F-4C88-83B7-2A93558C25C2}"
EndProject
Global
	GlobalSection(SolutionConfigurationPlatforms) = preSolution
		Debug|Any CPU = Debug|Any CPU
		Debug|x64 = Debug|x64
		Debug|x86 = Debug|x86
		Release|Any CPU = Release|Any CPU
		Release|x64 = Release|x64
		Release|x86 = Release|x86
	EndGlobalSection
	GlobalSection(SolutionProperties) = preSolution
		HideSolutionNode = FALSE
	EndGlobalSection
	GlobalSection(ProjectConfigurationPlatforms) = postSolution
		{3063EF49-D820-4815-A415-07E544CE1B8C}.Debug|Any CPU.ActiveCfg = Debug|Any CPU
		{3063EF49-D820-4815-A415-07E544CE1B8C}.Debug|Any CPU.Build.0 = Debug|Any CPU
		{3063EF49-D820-4815-A415-07E544CE1B8C}.Debug|x64.ActiveCfg = Debug|Any CPU
		{3063EF49-D820-4815-A415-07E544CE1B8C}.Debug|x64.Build.0 = Debug|Any CPU
		{3063EF49-D820-4815-A415-07E544CE1B8C}.Debug|x86.ActiveCfg = Debug|Any CPU
		{3063EF49-D820-4815-A415-07E544CE1B8C}.Debug|x86.Build.0 = Debug|Any CPU
		{3063EF49-D820-4815-A415-07E544CE1B8C}.Release|Any CPU.ActiveCfg = Release|Any CPU
		{3063EF49-D820-4815-A415-07E544CE1B8C}.Release|Any CPU.Build.0 = Release|Any CPU
		{3063EF49-D820-4815-A415-07E544CE1B8C}.Release|x64.ActiveCfg = Release|Any CPU
		{3063EF49-D820-4815-A415-07E544CE1B8C}.Release|x64.Build.0 = Release|Any CPU
		{3063EF49-D820-4815-A415-07E544CE1B8C}.Release|x86.ActiveCfg = Release|Any CPU
		{3063EF49-D820-4815-A415-07E544CE1B8C}.Release|x86.Build.0 = Release|Any CPU
		{627B0423-C1B4-4581-B99D-4A19DB8FA864}.Debug|Any CPU.ActiveCfg = Debug|Any CPU
		{627B0423-C1B4-4581-B99D-4A19DB8FA864}.Debug|Any CPU.Build.0 = Debug|Any CPU
		{627B0423-C1B4-4581-B99D-4A19DB8FA864}.Debug|x64.ActiveCfg = Debug|Any CPU
		{627B0423-C1B4-4581-B99D-4A19DB8FA864}.Debug|x64.Build.0 = Debug|Any CPU
		{627B0423-C1B4-4581-B99D-4A19DB8FA864}.Debug|x86.ActiveCfg = Debug|Any CPU
		{627B0423-C1B4-4581-B99D-4A19DB8FA864}.Debug|x86.Build.0 = Debug|Any CPU
		{627B0423-C1B4-4581-B99D-4A19DB8FA864}.Release|Any CPU.ActiveCfg = Release|Any CPU
		{627B0423-C1B4-4581-B99D-4A19DB8FA864}.Release|Any CPU.Build.0 = Release|Any CPU
		{627B0423-C1B4-4581-B99D-4A19DB8FA864}.Release|x64.ActiveCfg = Release|Any CPU
		{627B0423-C1B4-4581-B99D-4A19DB8FA864}.Release|x64.Build.0 = Release|Any CPU
		{627B0423-C1B4-4581-B99D-4A19DB8FA864}.Release|x86.ActiveCfg = Release|Any CPU
		{627B0423-C1B4-4581-B99D-4A19DB8FA864}.Release|x86.Build.0 = Release|Any CPU
		{C4E76DD4-10D6-4F46-85C4-8CA2D9F64198}.Debug|Any CPU.ActiveCfg = Debug|Any CPU
		{C4E76DD4-10D6-4F46-85C4-8CA2D9F64198}.Debug|Any CPU.Build.0 = Debug|Any CPU
		{C4E76DD4-10D6-4F46-85C4-8CA2D9F64198}.Debug|x64.ActiveCfg = Debug|Any CPU
		{C4E76DD4-10D6-4F46-85C4-8CA2D9F64198}.Debug|x64.Build.0 = Debug|Any CPU
		{C4E76DD4-10D6-4F46-85C4-8CA2D9F64198}.Debug|x86.ActiveCfg = Debug|Any CPU
		{C4E76DD4-10D6-4F46-85C4-8CA2D9F64198}.Debug|x86.Build.0 = Debug|Any CPU
		{C4E76DD4-10D6-4F46-85C4-8CA2D9F64198}.Release|Any CPU.ActiveCfg = Release|Any CPU
		{C4E76DD4-10D6-4F46-85C4-8CA2D9F64198}.Release|Any CPU.Build.0 = Release|Any CPU
		{C4E76DD4-10D6-4F46-85C4-8CA2D9F64198}.Release|x64.ActiveCfg = Release|Any CPU
		{C4E76DD4-10D6-4F46-85C4-8CA2D9F64198}.Release|x64.Build.0 = Release|Any CPU
		{C4E76DD4-10D6-4F46-85C4-8CA2D9F64198}.Release|x86.ActiveCfg = Release|Any CPU
		{C4E76DD4-10D6-4F46-85C4-8CA2D9F64198}.Release|x86.Build.0 = Release|Any CPU
		{9A2EAFBA-5805-4720-A13C-6E2877892DB0}.Debug|Any CPU.ActiveCfg = Debug|Any CPU
		{9A2EAFBA-5805-4720-A13C-6E2877892DB0}.Debug|Any CPU.Build.0 = Debug|Any CPU
		{9A2EAFBA-5805-4720-A13C-6E2877892DB0}.Debug|x64.ActiveCfg = Debug|Any CPU
		{9A2EAFBA-5805-4720-A13C-6E2877892DB0}.Debug|x64.Build.0 = Debug|Any CPU
		{9A2EAFBA-5805-4720-A13C-6E2877892DB0}.Debug|x86.ActiveCfg = Debug|Any CPU
		{9A2EAFBA-5805-4720-A13C-6E2877892DB0}.Debug|x86.Build.0 = Debug|Any CPU
		{9A2EAFBA-5805-4720-A13C-6E2877892DB0}.Release|Any CPU.ActiveCfg = Release|Any CPU
		{9A2EAFBA-5805-4720-A13C-6E2877892DB0}.Release|Any CPU.Build.0 = Release|Any CPU
		{9A2EAFBA-5805-4720-A13C-6E2877892DB0}.Release|x64.ActiveCfg = Release|Any CPU
		{9A2EAFBA-5805-4720-A13C-6E2877892DB0}.Release|x64.Build.0 = Release|Any CPU
		{9A2EAFBA-5805-4720-A13C-6E2877892DB0}.Release|x86.ActiveCfg = Release|Any CPU
		{9A2EAFBA-5805-4720-A13C-6E2877892DB0}.Release|x86.Build.0 = Release|Any CPU
		{B3E9E2B9-7A7C-445A-AC13-DE1E6BE70189}.Debug|Any CPU.ActiveCfg = Debug|Any CPU
		{B3E9E2B9-7A7C-445A-AC13-DE1E6BE70189}.Debug|Any CPU.Build.0 = Debug|Any CPU
		{B3E9E2B9-7A7C-445A-AC13-DE1E6BE70189}.Debug|x64.ActiveCfg = Debug|Any CPU
		{B3E9E2B9-7A7C-445A-AC13-DE1E6BE70189}.Debug|x64.Build.0 = Debug|Any CPU
		{B3E9E2B9-7A7C-445A-AC13-DE1E6BE70189}.Debug|x86.ActiveCfg = Debug|Any CPU
		{B3E9E2B9-7A7C-445A-AC13-DE1E6BE70189}.Debug|x86.Build.0 = Debug|Any CPU
		{B3E9E2B9-7A7C-445A-AC13-DE1E6BE70189}.Release|Any CPU.ActiveCfg = Release|Any CPU
		{B3E9E2B9-7A7C-445A-AC13-DE1E6BE70189}.Release|Any CPU.Build.0 = Release|Any CPU
		{B3E9E2B9-7A7C-445A-AC13-DE1E6BE70189}.Release|x64.ActiveCfg = Release|Any CPU
		{B3E9E2B9-7A7C-445A-AC13-DE1E6BE70189}.Release|x64.Build.0 = Release|Any CPU
		{B3E9E2B9-7A7C-445A-AC13-DE1E6BE70189}.Release|x86.ActiveCfg = Release|Any CPU
		{B3E9E2B9-7A7C-445A-AC13-DE1E6BE70189}.Release|x86.Build.0 = Release|Any CPU
		{8C20DCF2-623C-4050-90BB-E864379CBC2B}.Debug|Any CPU.ActiveCfg = Debug|Any CPU
		{8C20DCF2-623C-4050-90BB-E864379CBC2B}.Debug|Any CPU.Build.0 = Debug|Any CPU
		{8C20DCF2-623C-4050-90BB-E864379CBC2B}.Debug|x64.ActiveCfg = Debug|Any CPU
		{8C20DCF2-623C-4050-90BB-E864379CBC2B}.Debug|x64.Build.0 = Debug|Any CPU
		{8C20DCF2-623C-4050-90BB-E864379CBC2B}.Debug|x86.ActiveCfg = Debug|Any CPU
		{8C20DCF2-623C-4050-90BB-E864379CBC2B}.Debug|x86.Build.0 = Debug|Any CPU
		{8C20DCF2-623C-4050-90BB-E864379CBC2B}.Release|Any CPU.ActiveCfg = Release|Any CPU
		{8C20DCF2-623C-4050-90BB-E864379CBC2B}.Release|Any CPU.Build.0 = Release|Any CPU
		{8C20DCF2-623C-4050-90BB-E864379CBC2B}.Release|x64.ActiveCfg = Release|Any CPU
		{8C20DCF2-623C-4050-90BB-E864379CBC2B}.Release|x64.Build.0 = Release|Any CPU
		{8C20DCF2-623C-4050-90BB-E864379CBC2B}.Release|x86.ActiveCfg = Release|Any CPU
		{8C20DCF2-623C-4050-90BB-E864379CBC2B}.Release|x86.Build.0 = Release|Any CPU
		{7C6B641B-D05E-45FE-8DCD-3BA8A7F8706A}.Debug|Any CPU.ActiveCfg = Debug|Any CPU
		{7C6B641B-D05E-45FE-8DCD-3BA8A7F8706A}.Debug|Any CPU.Build.0 = Debug|Any CPU
		{7C6B641B-D05E-45FE-8DCD-3BA8A7F8706A}.Debug|x64.ActiveCfg = Debug|Any CPU
		{7C6B641B-D05E-45FE-8DCD-3BA8A7F8706A}.Debug|x64.Build.0 = Debug|Any CPU
		{7C6B641B-D05E-45FE-8DCD-3BA8A7F8706A}.Debug|x86.ActiveCfg = Debug|Any CPU
		{7C6B641B-D05E-45FE-8DCD-3BA8A7F8706A}.Debug|x86.Build.0 = Debug|Any CPU
		{7C6B641B-D05E-45FE-8DCD-3BA8A7F8706A}.Release|Any CPU.ActiveCfg = Release|Any CPU
		{7C6B641B-D05E-45FE-8DCD-3BA8A7F8706A}.Release|Any CPU.Build.0 = Release|Any CPU
		{7C6B641B-D05E-45FE-8DCD-3BA8A7F8706A}.Release|x64.ActiveCfg = Release|Any CPU
		{7C6B641B-D05E-45FE-8DCD-3BA8A7F8706A}.Release|x64.Build.0 = Release|Any CPU
		{7C6B641B-D05E-45FE-8DCD-3BA8A7F8706A}.Release|x86.ActiveCfg = Release|Any CPU
		{7C6B641B-D05E-45FE-8DCD-3BA8A7F8706A}.Release|x86.Build.0 = Release|Any CPU
		{71FFB1BB-E78F-4D47-B85D-5A477AA12CFA}.Debug|Any CPU.ActiveCfg = Debug|Any CPU
		{71FFB1BB-E78F-4D47-B85D-5A477AA12CFA}.Debug|Any CPU.Build.0 = Debug|Any CPU
		{71FFB1BB-E78F-4D47-B85D-5A477AA12CFA}.Debug|x64.ActiveCfg = Debug|Any CPU
		{71FFB1BB-E78F-4D47-B85D-5A477AA12CFA}.Debug|x64.Build.0 = Debug|Any CPU
		{71FFB1BB-E78F-4D47-B85D-5A477AA12CFA}.Debug|x86.ActiveCfg = Debug|Any CPU
		{71FFB1BB-E78F-4D47-B85D-5A477AA12CFA}.Debug|x86.Build.0 = Debug|Any CPU
		{71FFB1BB-E78F-4D47-B85D-5A477AA12CFA}.Release|Any CPU.ActiveCfg = Release|Any CPU
		{71FFB1BB-E78F-4D47-B85D-5A477AA12CFA}.Release|Any CPU.Build.0 = Release|Any CPU
		{71FFB1BB-E78F-4D47-B85D-5A477AA12CFA}.Release|x64.ActiveCfg = Release|Any CPU
		{71FFB1BB-E78F-4D47-B85D-5A477AA12CFA}.Release|x64.Build.0 = Release|Any CPU
		{71FFB1BB-E78F-4D47-B85D-5A477AA12CFA}.Release|x86.ActiveCfg = Release|Any CPU
		{71FFB1BB-E78F-4D47-B85D-5A477AA12CFA}.Release|x86.Build.0 = Release|Any CPU
		{332863BC-451F-4C88-83B7-2A93558C25C2}.Debug|Any CPU.ActiveCfg = Debug|Any CPU
		{332863BC-451F-4C88-83B7-2A93558C25C2}.Debug|Any CPU.Build.0 = Debug|Any CPU
		{332863BC-451F-4C88-83B7-2A93558C25C2}.Debug|x64.ActiveCfg = Debug|Any CPU
		{332863BC-451F-4C88-83B7-2A93558C25C2}.Debug|x64.Build.0 = Debug|Any CPU
		{332863BC-451F-4C88-83B7-2A93558C25C2}.Debug|x86.ActiveCfg = Debug|Any CPU
		{332863BC-451F-4C88-83B7-2A93558C25C2}.Debug|x86.Build.0 = Debug|Any CPU
		{332863BC-451F-4C88-83B7-2A93558C25C2}.Release|Any CPU.ActiveCfg = Release|Any CPU
		{332863BC-451F-4C88-83B7-2A93558C25C2}.Release|Any CPU.Build.0 = Release|Any CPU
		{332863BC-451F-4C88-83B7-2A93558C25C2}.Release|x64.ActiveCfg = Release|Any CPU
		{332863BC-451F-4C88-83B7-2A93558C25C2}.Release|x64.Build.0 = Release|Any CPU
		{332863BC-451F-4C88-83B7-2A93558C25C2}.Release|x86.ActiveCfg = Release|Any CPU
		{332863BC-451F-4C88-83B7-2A93558C25C2}.Release|x86.Build.0 = Release|Any CPU
	EndGlobalSection
	GlobalSection(NestedProjects) = preSolution
		{3063EF49-D820-4815-A415-07E544CE1B8C} = {B8610EA7-B745-43C4-9DB9-1EEB59FDB13C}
		{627B0423-C1B4-4581-B99D-4A19DB8FA864} = {B8610EA7-B745-43C4-9DB9-1EEB59FDB13C}
		{C4E76DD4-10D6-4F46-85C4-8CA2D9F64198} = {6163EFB4-695C-4BD7-B897-367741BE963B}
		{B3E9E2B9-7A7C-445A-AC13-DE1E6BE70189} = {0FBEE52E-3DE3-4593-AB8A-8884A95C00FC}
		{8C20DCF2-623C-4050-90BB-E864379CBC2B} = {0FBEE52E-3DE3-4593-AB8A-8884A95C00FC}
		{7C6B641B-D05E-45FE-8DCD-3BA8A7F8706A} = {072C686A-C351-45A7-8A2C-6DB5877D8094}
		{71FFB1BB-E78F-4D47-B85D-5A477AA12CFA} = {01028231-8E81-4216-824C-8B8DF3B34C8C}
		{332863BC-451F-4C88-83B7-2A93558C25C2} = {01028231-8E81-4216-824C-8B8DF3B34C8C}
	EndGlobalSection
EndGlobal
